// !$*UTF8*$!
{
	archiveVersion = 1;
	classes = {
	};
	objectVersion = 56;
	objects = {

/* Begin PBXBuildFile section */
		019E4389291012830023262B /* AppDelegate.swift in Sources */ = {isa = PBXBuildFile; fileRef = 019E4388291012830023262B /* AppDelegate.swift */; };
		019E438B291012830023262B /* SceneDelegate.swift in Sources */ = {isa = PBXBuildFile; fileRef = 019E438A291012830023262B /* SceneDelegate.swift */; };
		019E438D291012830023262B /* ViewController.swift in Sources */ = {isa = PBXBuildFile; fileRef = 019E438C291012830023262B /* ViewController.swift */; };
		019E4390291012830023262B /* Main.storyboard in Resources */ = {isa = PBXBuildFile; fileRef = 019E438E291012830023262B /* Main.storyboard */; };
		019E4392291012850023262B /* Assets.xcassets in Resources */ = {isa = PBXBuildFile; fileRef = 019E4391291012850023262B /* Assets.xcassets */; };
		019E4395291012850023262B /* LaunchScreen.storyboard in Resources */ = {isa = PBXBuildFile; fileRef = 019E4393291012850023262B /* LaunchScreen.storyboard */; };
		019E43A0291012850023262B /* UITestSampleTests.swift in Sources */ = {isa = PBXBuildFile; fileRef = 019E439F291012850023262B /* UITestSampleTests.swift */; };
		019E43AA291012850023262B /* UITestSampleUITests.swift in Sources */ = {isa = PBXBuildFile; fileRef = 019E43A9291012850023262B /* UITestSampleUITests.swift */; };
		019E43AC291012850023262B /* UITestSampleUITestsLaunchTests.swift in Sources */ = {isa = PBXBuildFile; fileRef = 019E43AB291012850023262B /* UITestSampleUITestsLaunchTests.swift */; };
/* End PBXBuildFile section */

/* Begin PBXContainerItemProxy section */
		019E439C291012850023262B /* PBXContainerItemProxy */ = {
			isa = PBXContainerItemProxy;
			containerPortal = 019E437D291012830023262B /* Project object */;
			proxyType = 1;
			remoteGlobalIDString = 019E4384291012830023262B;
			remoteInfo = UITestSample;
		};
		019E43A6291012850023262B /* PBXContainerItemProxy */ = {
			isa = PBXContainerItemProxy;
			containerPortal = 019E437D291012830023262B /* Project object */;
			proxyType = 1;
			remoteGlobalIDString = 019E4384291012830023262B;
			remoteInfo = UITestSample;
		};
/* End PBXContainerItemProxy section */

/* Begin PBXFileReference section */
		019E4385291012830023262B /* UITestSample.app */ = {isa = PBXFileReference; explicitFileType = wrapper.application; includeInIndex = 0; path = UITestSample.app; sourceTree = BUILT_PRODUCTS_DIR; };
		019E4388291012830023262B /* AppDelegate.swift */ = {isa = PBXFileReference; lastKnownFileType = sourcecode.swift; path = AppDelegate.swift; sourceTree = "<group>"; };
		019E438A291012830023262B /* SceneDelegate.swift */ = {isa = PBXFileReference; lastKnownFileType = sourcecode.swift; path = SceneDelegate.swift; sourceTree = "<group>"; };
		019E438C291012830023262B /* ViewController.swift */ = {isa = PBXFileReference; lastKnownFileType = sourcecode.swift; path = ViewController.swift; sourceTree = "<group>"; };
		019E438F291012830023262B /* Base */ = {isa = PBXFileReference; lastKnownFileType = file.storyboard; name = Base; path = Base.lproj/Main.storyboard; sourceTree = "<group>"; };
		019E4391291012850023262B /* Assets.xcassets */ = {isa = PBXFileReference; lastKnownFileType = folder.assetcatalog; path = Assets.xcassets; sourceTree = "<group>"; };
		019E4394291012850023262B /* Base */ = {isa = PBXFileReference; lastKnownFileType = file.storyboard; name = Base; path = Base.lproj/LaunchScreen.storyboard; sourceTree = "<group>"; };
		019E4396291012850023262B /* Info.plist */ = {isa = PBXFileReference; lastKnownFileType = text.plist.xml; path = Info.plist; sourceTree = "<group>"; };
		019E439B291012850023262B /* UITestSampleTests.xctest */ = {isa = PBXFileReference; explicitFileType = wrapper.cfbundle; includeInIndex = 0; path = UITestSampleTests.xctest; sourceTree = BUILT_PRODUCTS_DIR; };
		019E439F291012850023262B /* UITestSampleTests.swift */ = {isa = PBXFileReference; lastKnownFileType = sourcecode.swift; path = UITestSampleTests.swift; sourceTree = "<group>"; };
		019E43A5291012850023262B /* UITestSampleUITests.xctest */ = {isa = PBXFileReference; explicitFileType = wrapper.cfbundle; includeInIndex = 0; path = UITestSampleUITests.xctest; sourceTree = BUILT_PRODUCTS_DIR; };
		019E43A9291012850023262B /* UITestSampleUITests.swift */ = {isa = PBXFileReference; lastKnownFileType = sourcecode.swift; path = UITestSampleUITests.swift; sourceTree = "<group>"; };
		019E43AB291012850023262B /* UITestSampleUITestsLaunchTests.swift */ = {isa = PBXFileReference; lastKnownFileType = sourcecode.swift; path = UITestSampleUITestsLaunchTests.swift; sourceTree = "<group>"; };
/* End PBXFileReference section */

/* Begin PBXFrameworksBuildPhase section */
		019E4382291012830023262B /* Frameworks */ = {
			isa = PBXFrameworksBuildPhase;
			buildActionMask = 2147483647;
			files = (
			);
			runOnlyForDeploymentPostprocessing = 0;
		};
		019E4398291012850023262B /* Frameworks */ = {
			isa = PBXFrameworksBuildPhase;
			buildActionMask = 2147483647;
			files = (
			);
			runOnlyForDeploymentPostprocessing = 0;
		};
		019E43A2291012850023262B /* Frameworks */ = {
			isa = PBXFrameworksBuildPhase;
			buildActionMask = 2147483647;
			files = (
			);
			runOnlyForDeploymentPostprocessing = 0;
		};
/* End PBXFrameworksBuildPhase section */

/* Begin PBXGroup section */
		019E437C291012830023262B = {
			isa = PBXGroup;
			children = (
				019E4387291012830023262B /* UITestSample */,
				019E439E291012850023262B /* UITestSampleTests */,
				019E43A8291012850023262B /* UITestSampleUITests */,
				019E4386291012830023262B /* Products */,
			);
			sourceTree = "<group>";
		};
		019E4386291012830023262B /* Products */ = {
			isa = PBXGroup;
			children = (
				019E4385291012830023262B /* UITestSample.app */,
				019E439B291012850023262B /* UITestSampleTests.xctest */,
				019E43A5291012850023262B /* UITestSampleUITests.xctest */,
			);
			name = Products;
			sourceTree = "<group>";
		};
		019E4387291012830023262B /* UITestSample */ = {
			isa = PBXGroup;
			children = (
				019E4388291012830023262B /* AppDelegate.swift */,
				019E438A291012830023262B /* SceneDelegate.swift */,
				019E438C291012830023262B /* ViewController.swift */,
				019E438E291012830023262B /* Main.storyboard */,
				019E4391291012850023262B /* Assets.xcassets */,
				019E4393291012850023262B /* LaunchScreen.storyboard */,
				019E4396291012850023262B /* Info.plist */,
			);
			path = UITestSample;
			sourceTree = "<group>";
		};
		019E439E291012850023262B /* UITestSampleTests */ = {
			isa = PBXGroup;
			children = (
				019E439F291012850023262B /* UITestSampleTests.swift */,
			);
			path = UITestSampleTests;
			sourceTree = "<group>";
		};
		019E43A8291012850023262B /* UITestSampleUITests */ = {
			isa = PBXGroup;
			children = (
				019E43A9291012850023262B /* UITestSampleUITests.swift */,
				019E43AB291012850023262B /* UITestSampleUITestsLaunchTests.swift */,
			);
			path = UITestSampleUITests;
			sourceTree = "<group>";
		};
/* End PBXGroup section */

/* Begin PBXNativeTarget section */
		019E4384291012830023262B /* UITestSample */ = {
			isa = PBXNativeTarget;
			buildConfigurationList = 019E43AF291012850023262B /* Build configuration list for PBXNativeTarget "UITestSample" */;
			buildPhases = (
				019E4381291012830023262B /* Sources */,
				019E4382291012830023262B /* Frameworks */,
				019E4383291012830023262B /* Resources */,
			);
			buildRules = (
			);
			dependencies = (
			);
			name = UITestSample;
			productName = UITestSample;
			productReference = 019E4385291012830023262B /* UITestSample.app */;
			productType = "com.apple.product-type.application";
		};
		019E439A291012850023262B /* UITestSampleTests */ = {
			isa = PBXNativeTarget;
			buildConfigurationList = 019E43B2291012850023262B /* Build configuration list for PBXNativeTarget "UITestSampleTests" */;
			buildPhases = (
				019E4397291012850023262B /* Sources */,
				019E4398291012850023262B /* Frameworks */,
				019E4399291012850023262B /* Resources */,
			);
			buildRules = (
			);
			dependencies = (
				019E439D291012850023262B /* PBXTargetDependency */,
			);
			name = UITestSampleTests;
			productName = UITestSampleTests;
			productReference = 019E439B291012850023262B /* UITestSampleTests.xctest */;
			productType = "com.apple.product-type.bundle.unit-test";
		};
		019E43A4291012850023262B /* UITestSampleUITests */ = {
			isa = PBXNativeTarget;
			buildConfigurationList = 019E43B5291012850023262B /* Build configuration list for PBXNativeTarget "UITestSampleUITests" */;
			buildPhases = (
				019E43A1291012850023262B /* Sources */,
				019E43A2291012850023262B /* Frameworks */,
				019E43A3291012850023262B /* Resources */,
			);
			buildRules = (
			);
			dependencies = (
				019E43A7291012850023262B /* PBXTargetDependency */,
			);
			name = UITestSampleUITests;
			productName = UITestSampleUITests;
			productReference = 019E43A5291012850023262B /* UITestSampleUITests.xctest */;
			productType = "com.apple.product-type.bundle.ui-testing";
		};
/* End PBXNativeTarget section */

/* Begin PBXProject section */
		019E437D291012830023262B /* Project object */ = {
			isa = PBXProject;
			attributes = {
				BuildIndependentTargetsInParallel = 1;
				LastSwiftUpdateCheck = 1400;
				LastUpgradeCheck = 1400;
				TargetAttributes = {
					019E4384291012830023262B = {
						CreatedOnToolsVersion = 14.0.1;
					};
					019E439A291012850023262B = {
						CreatedOnToolsVersion = 14.0.1;
						TestTargetID = 019E4384291012830023262B;
					};
					019E43A4291012850023262B = {
						CreatedOnToolsVersion = 14.0.1;
						TestTargetID = 019E4384291012830023262B;
					};
				};
			};
			buildConfigurationList = 019E4380291012830023262B /* Build configuration list for PBXProject "UITestSample" */;
			compatibilityVersion = "Xcode 14.0";
			developmentRegion = en;
			hasScannedForEncodings = 0;
			knownRegions = (
				en,
				Base,
			);
			mainGroup = 019E437C291012830023262B;
			productRefGroup = 019E4386291012830023262B /* Products */;
			projectDirPath = "";
			projectRoot = "";
			targets = (
				019E4384291012830023262B /* UITestSample */,
				019E439A291012850023262B /* UITestSampleTests */,
				019E43A4291012850023262B /* UITestSampleUITests */,
			);
		};
/* End PBXProject section */

/* Begin PBXResourcesBuildPhase section */
		019E4383291012830023262B /* Resources */ = {
			isa = PBXResourcesBuildPhase;
			buildActionMask = 2147483647;
			files = (
				019E4395291012850023262B /* LaunchScreen.storyboard in Resources */,
				019E4392291012850023262B /* Assets.xcassets in Resources */,
				019E4390291012830023262B /* Main.storyboard in Resources */,
			);
			runOnlyForDeploymentPostprocessing = 0;
		};
		019E4399291012850023262B /* Resources */ = {
			isa = PBXResourcesBuildPhase;
			buildActionMask = 2147483647;
			files = (
			);
			runOnlyForDeploymentPostprocessing = 0;
		};
		019E43A3291012850023262B /* Resources */ = {
			isa = PBXResourcesBuildPhase;
			buildActionMask = 2147483647;
			files = (
			);
			runOnlyForDeploymentPostprocessing = 0;
		};
/* End PBXResourcesBuildPhase section */

/* Begin PBXSourcesBuildPhase section */
		019E4381291012830023262B /* Sources */ = {
			isa = PBXSourcesBuildPhase;
			buildActionMask = 2147483647;
			files = (
				019E438D291012830023262B /* ViewController.swift in Sources */,
				019E4389291012830023262B /* AppDelegate.swift in Sources */,
				019E438B291012830023262B /* SceneDelegate.swift in Sources */,
			);
			runOnlyForDeploymentPostprocessing = 0;
		};
		019E4397291012850023262B /* Sources */ = {
			isa = PBXSourcesBuildPhase;
			buildActionMask = 2147483647;
			files = (
				019E43A0291012850023262B /* UITestSampleTests.swift in Sources */,
			);
			runOnlyForDeploymentPostprocessing = 0;
		};
		019E43A1291012850023262B /* Sources */ = {
			isa = PBXSourcesBuildPhase;
			buildActionMask = 2147483647;
			files = (
				019E43AC291012850023262B /* UITestSampleUITestsLaunchTests.swift in Sources */,
				019E43AA291012850023262B /* UITestSampleUITests.swift in Sources */,
			);
			runOnlyForDeploymentPostprocessing = 0;
		};
/* End PBXSourcesBuildPhase section */

/* Begin PBXTargetDependency section */
		019E439D291012850023262B /* PBXTargetDependency */ = {
			isa = PBXTargetDependency;
			target = 019E4384291012830023262B /* UITestSample */;
			targetProxy = 019E439C291012850023262B /* PBXContainerItemProxy */;
		};
		019E43A7291012850023262B /* PBXTargetDependency */ = {
			isa = PBXTargetDependency;
			target = 019E4384291012830023262B /* UITestSample */;
			targetProxy = 019E43A6291012850023262B /* PBXContainerItemProxy */;
		};
/* End PBXTargetDependency section */

/* Begin PBXVariantGroup section */
		019E438E291012830023262B /* Main.storyboard */ = {
			isa = PBXVariantGroup;
			children = (
				019E438F291012830023262B /* Base */,
			);
			name = Main.storyboard;
			sourceTree = "<group>";
		};
		019E4393291012850023262B /* LaunchScreen.storyboard */ = {
			isa = PBXVariantGroup;
			children = (
				019E4394291012850023262B /* Base */,
			);
			name = LaunchScreen.storyboard;
			sourceTree = "<group>";
		};
/* End PBXVariantGroup section */

/* Begin XCBuildConfiguration section */
		019E43AD291012850023262B /* Debug */ = {
			isa = XCBuildConfiguration;
			buildSettings = {
				ALWAYS_SEARCH_USER_PATHS = NO;
				CLANG_ANALYZER_NONNULL = YES;
				CLANG_ANALYZER_NUMBER_OBJECT_CONVERSION = YES_AGGRESSIVE;
				CLANG_CXX_LANGUAGE_STANDARD = "gnu++20";
				CLANG_ENABLE_MODULES = YES;
				CLANG_ENABLE_OBJC_ARC = YES;
				CLANG_ENABLE_OBJC_WEAK = YES;
				CLANG_WARN_BLOCK_CAPTURE_AUTORELEASING = YES;
				CLANG_WARN_BOOL_CONVERSION = YES;
				CLANG_WARN_COMMA = YES;
				CLANG_WARN_CONSTANT_CONVERSION = YES;
				CLANG_WARN_DEPRECATED_OBJC_IMPLEMENTATIONS = YES;
				CLANG_WARN_DIRECT_OBJC_ISA_USAGE = YES_ERROR;
				CLANG_WARN_DOCUMENTATION_COMMENTS = YES;
				CLANG_WARN_EMPTY_BODY = YES;
				CLANG_WARN_ENUM_CONVERSION = YES;
				CLANG_WARN_INFINITE_RECURSION = YES;
				CLANG_WARN_INT_CONVERSION = YES;
				CLANG_WARN_NON_LITERAL_NULL_CONVERSION = YES;
				CLANG_WARN_OBJC_IMPLICIT_RETAIN_SELF = YES;
				CLANG_WARN_OBJC_LITERAL_CONVERSION = YES;
				CLANG_WARN_OBJC_ROOT_CLASS = YES_ERROR;
				CLANG_WARN_QUOTED_INCLUDE_IN_FRAMEWORK_HEADER = YES;
				CLANG_WARN_RANGE_LOOP_ANALYSIS = YES;
				CLANG_WARN_STRICT_PROTOTYPES = YES;
				CLANG_WARN_SUSPICIOUS_MOVE = YES;
				CLANG_WARN_UNGUARDED_AVAILABILITY = YES_AGGRESSIVE;
				CLANG_WARN_UNREACHABLE_CODE = YES;
				CLANG_WARN__DUPLICATE_METHOD_MATCH = YES;
				COPY_PHASE_STRIP = NO;
				DEBUG_INFORMATION_FORMAT = dwarf;
				ENABLE_STRICT_OBJC_MSGSEND = YES;
				ENABLE_TESTABILITY = YES;
				GCC_C_LANGUAGE_STANDARD = gnu11;
				GCC_DYNAMIC_NO_PIC = NO;
				GCC_NO_COMMON_BLOCKS = YES;
				GCC_OPTIMIZATION_LEVEL = 0;
				GCC_PREPROCESSOR_DEFINITIONS = (
					"DEBUG=1",
					"$(inherited)",
				);
				GCC_WARN_64_TO_32_BIT_CONVERSION = YES;
				GCC_WARN_ABOUT_RETURN_TYPE = YES_ERROR;
				GCC_WARN_UNDECLARED_SELECTOR = YES;
				GCC_WARN_UNINITIALIZED_AUTOS = YES_AGGRESSIVE;
				GCC_WARN_UNUSED_FUNCTION = YES;
				GCC_WARN_UNUSED_VARIABLE = YES;
				IPHONEOS_DEPLOYMENT_TARGET = 16.0;
				MTL_ENABLE_DEBUG_INFO = INCLUDE_SOURCE;
				MTL_FAST_MATH = YES;
				ONLY_ACTIVE_ARCH = YES;
				SDKROOT = iphoneos;
				SWIFT_ACTIVE_COMPILATION_CONDITIONS = DEBUG;
				SWIFT_OPTIMIZATION_LEVEL = "-Onone";
			};
			name = Debug;
		};
		019E43AE291012850023262B /* Release */ = {
			isa = XCBuildConfiguration;
			buildSettings = {
				ALWAYS_SEARCH_USER_PATHS = NO;
				CLANG_ANALYZER_NONNULL = YES;
				CLANG_ANALYZER_NUMBER_OBJECT_CONVERSION = YES_AGGRESSIVE;
				CLANG_CXX_LANGUAGE_STANDARD = "gnu++20";
				CLANG_ENABLE_MODULES = YES;
				CLANG_ENABLE_OBJC_ARC = YES;
				CLANG_ENABLE_OBJC_WEAK = YES;
				CLANG_WARN_BLOCK_CAPTURE_AUTORELEASING = YES;
				CLANG_WARN_BOOL_CONVERSION = YES;
				CLANG_WARN_COMMA = YES;
				CLANG_WARN_CONSTANT_CONVERSION = YES;
				CLANG_WARN_DEPRECATED_OBJC_IMPLEMENTATIONS = YES;
				CLANG_WARN_DIRECT_OBJC_ISA_USAGE = YES_ERROR;
				CLANG_WARN_DOCUMENTATION_COMMENTS = YES;
				CLANG_WARN_EMPTY_BODY = YES;
				CLANG_WARN_ENUM_CONVERSION = YES;
				CLANG_WARN_INFINITE_RECURSION = YES;
				CLANG_WARN_INT_CONVERSION = YES;
				CLANG_WARN_NON_LITERAL_NULL_CONVERSION = YES;
				CLANG_WARN_OBJC_IMPLICIT_RETAIN_SELF = YES;
				CLANG_WARN_OBJC_LITERAL_CONVERSION = YES;
				CLANG_WARN_OBJC_ROOT_CLASS = YES_ERROR;
				CLANG_WARN_QUOTED_INCLUDE_IN_FRAMEWORK_HEADER = YES;
				CLANG_WARN_RANGE_LOOP_ANALYSIS = YES;
				CLANG_WARN_STRICT_PROTOTYPES = YES;
				CLANG_WARN_SUSPICIOUS_MOVE = YES;
				CLANG_WARN_UNGUARDED_AVAILABILITY = YES_AGGRESSIVE;
				CLANG_WARN_UNREACHABLE_CODE = YES;
				CLANG_WARN__DUPLICATE_METHOD_MATCH = YES;
				COPY_PHASE_STRIP = NO;
				DEBUG_INFORMATION_FORMAT = "dwarf-with-dsym";
				ENABLE_NS_ASSERTIONS = NO;
				ENABLE_STRICT_OBJC_MSGSEND = YES;
				GCC_C_LANGUAGE_STANDARD = gnu11;
				GCC_NO_COMMON_BLOCKS = YES;
				GCC_WARN_64_TO_32_BIT_CONVERSION = YES;
				GCC_WARN_ABOUT_RETURN_TYPE = YES_ERROR;
				GCC_WARN_UNDECLARED_SELECTOR = YES;
				GCC_WARN_UNINITIALIZED_AUTOS = YES_AGGRESSIVE;
				GCC_WARN_UNUSED_FUNCTION = YES;
				GCC_WARN_UNUSED_VARIABLE = YES;
				IPHONEOS_DEPLOYMENT_TARGET = 16.0;
				MTL_ENABLE_DEBUG_INFO = NO;
				MTL_FAST_MATH = YES;
				SDKROOT = iphoneos;
				SWIFT_COMPILATION_MODE = wholemodule;
				SWIFT_OPTIMIZATION_LEVEL = "-O";
				VALIDATE_PRODUCT = YES;
			};
			name = Release;
		};
		019E43B0291012850023262B /* Debug */ = {
			isa = XCBuildConfiguration;
			buildSettings = {
				ASSETCATALOG_COMPILER_APPICON_NAME = AppIcon;
				ASSETCATALOG_COMPILER_GLOBAL_ACCENT_COLOR_NAME = AccentColor;
				CODE_SIGN_STYLE = Automatic;
				CURRENT_PROJECT_VERSION = 1;
				DEVELOPMENT_TEAM = XP44KJ6JB3;
				GENERATE_INFOPLIST_FILE = YES;
				INFOPLIST_FILE = UITestSample/Info.plist;
				INFOPLIST_KEY_UIApplicationSupportsIndirectInputEvents = YES;
				INFOPLIST_KEY_UILaunchStoryboardName = LaunchScreen;
				INFOPLIST_KEY_UIMainStoryboardFile = Main;
				INFOPLIST_KEY_UISupportedInterfaceOrientations_iPad = "UIInterfaceOrientationPortrait UIInterfaceOrientationPortraitUpsideDown UIInterfaceOrientationLandscapeLeft UIInterfaceOrientationLandscapeRight";
				INFOPLIST_KEY_UISupportedInterfaceOrientations_iPhone = "UIInterfaceOrientationPortrait UIInterfaceOrientationLandscapeLeft UIInterfaceOrientationLandscapeRight";
				LD_RUNPATH_SEARCH_PATHS = (
					"$(inherited)",
					"@executable_path/Frameworks",
				);
				MARKETING_VERSION = 1.0;
				PRODUCT_BUNDLE_IDENTIFIER = com.ywangnon.UITestSample;
				PRODUCT_NAME = "$(TARGET_NAME)";
				SWIFT_EMIT_LOC_STRINGS = YES;
				SWIFT_VERSION = 5.0;
				TARGETED_DEVICE_FAMILY = "1,2";
			};
			name = Debug;
		};
		019E43B1291012850023262B /* Release */ = {
			isa = XCBuildConfiguration;
			buildSettings = {
				ASSETCATALOG_COMPILER_APPICON_NAME = AppIcon;
				ASSETCATALOG_COMPILER_GLOBAL_ACCENT_COLOR_NAME = AccentColor;
				CODE_SIGN_STYLE = Automatic;
				CURRENT_PROJECT_VERSION = 1;
				DEVELOPMENT_TEAM = XP44KJ6JB3;
				GENERATE_INFOPLIST_FILE = YES;
				INFOPLIST_FILE = UITestSample/Info.plist;
				INFOPLIST_KEY_UIApplicationSupportsIndirectInputEvents = YES;
				INFOPLIST_KEY_UILaunchStoryboardName = LaunchScreen;
				INFOPLIST_KEY_UIMainStoryboardFile = Main;
				INFOPLIST_KEY_UISupportedInterfaceOrientations_iPad = "UIInterfaceOrientationPortrait UIInterfaceOrientationPortraitUpsideDown UIInterfaceOrientationLandscapeLeft UIInterfaceOrientationLandscapeRight";
				INFOPLIST_KEY_UISupportedInterfaceOrientations_iPhone = "UIInterfaceOrientationPortrait UIInterfaceOrientationLandscapeLeft UIInterfaceOrientationLandscapeRight";
				LD_RUNPATH_SEARCH_PATHS = (
					"$(inherited)",
					"@executable_path/Frameworks",
				);
				MARKETING_VERSION = 1.0;
				PRODUCT_BUNDLE_IDENTIFIER = com.ywangnon.UITestSample;
				PRODUCT_NAME = "$(TARGET_NAME)";
				SWIFT_EMIT_LOC_STRINGS = YES;
				SWIFT_VERSION = 5.0;
				TARGETED_DEVICE_FAMILY = "1,2";
			};
			name = Release;
		};
		019E43B3291012850023262B /* Debug */ = {
			isa = XCBuildConfiguration;
			buildSettings = {
				ALWAYS_EMBED_SWIFT_STANDARD_LIBRARIES = YES;
				BUNDLE_LOADER = "$(TEST_HOST)";
				CODE_SIGN_STYLE = Automatic;
				CURRENT_PROJECT_VERSION = 1;
				DEVELOPMENT_TEAM = XP44KJ6JB3;
				GENERATE_INFOPLIST_FILE = YES;
				IPHONEOS_DEPLOYMENT_TARGET = 16.0;
				MARKETING_VERSION = 1.0;
				PRODUCT_BUNDLE_IDENTIFIER = com.ywangnon.UITestSampleTests;
				PRODUCT_NAME = "$(TARGET_NAME)";
				SWIFT_EMIT_LOC_STRINGS = NO;
				SWIFT_VERSION = 5.0;
				TARGETED_DEVICE_FAMILY = "1,2";
				TEST_HOST = "$(BUILT_PRODUCTS_DIR)/UITestSample.app/$(BUNDLE_EXECUTABLE_FOLDER_PATH)/UITestSample";
			};
			name = Debug;
		};
		019E43B4291012850023262B /* Release */ = {
			isa = XCBuildConfiguration;
			buildSettings = {
				ALWAYS_EMBED_SWIFT_STANDARD_LIBRARIES = YES;
				BUNDLE_LOADER = "$(TEST_HOST)";
				CODE_SIGN_STYLE = Automatic;
				CURRENT_PROJECT_VERSION = 1;
				DEVELOPMENT_TEAM = XP44KJ6JB3;
				GENERATE_INFOPLIST_FILE = YES;
				IPHONEOS_DEPLOYMENT_TARGET = 16.0;
				MARKETING_VERSION = 1.0;
				PRODUCT_BUNDLE_IDENTIFIER = com.ywangnon.UITestSampleTests;
				PRODUCT_NAME = "$(TARGET_NAME)";
				SWIFT_EMIT_LOC_STRINGS = NO;
				SWIFT_VERSION = 5.0;
				TARGETED_DEVICE_FAMILY = "1,2";
				TEST_HOST = "$(BUILT_PRODUCTS_DIR)/UITestSample.app/$(BUNDLE_EXECUTABLE_FOLDER_PATH)/UITestSample";
			};
			name = Release;
		};
		019E43B6291012850023262B /* Debug */ = {
			isa = XCBuildConfiguration;
			buildSettings = {
				ALWAYS_EMBED_SWIFT_STANDARD_LIBRARIES = YES;
				CODE_SIGN_STYLE = Automatic;
				CURRENT_PROJECT_VERSION = 1;
				DEVELOPMENT_TEAM = XP44KJ6JB3;
				GENERATE_INFOPLIST_FILE = YES;
				MARKETING_VERSION = 1.0;
				PRODUCT_BUNDLE_IDENTIFIER = com.ywangnon.UITestSampleUITests;
				PRODUCT_NAME = "$(TARGET_NAME)";
				SWIFT_EMIT_LOC_STRINGS = NO;
				SWIFT_VERSION = 5.0;
				TARGETED_DEVICE_FAMILY = "1,2";
				TEST_TARGET_NAME = UITestSample;
			};
			name = Debug;
		};
		019E43B7291012850023262B /* Release */ = {
			isa = XCBuildConfiguration;
			buildSettings = {
				ALWAYS_EMBED_SWIFT_STANDARD_LIBRARIES = YES;
				CODE_SIGN_STYLE = Automatic;
				CURRENT_PROJECT_VERSION = 1;
				DEVELOPMENT_TEAM = XP44KJ6JB3;
				GENERATE_INFOPLIST_FILE = YES;
				MARKETING_VERSION = 1.0;
				PRODUCT_BUNDLE_IDENTIFIER = com.ywangnon.UITestSampleUITests;
				PRODUCT_NAME = "$(TARGET_NAME)";
				SWIFT_EMIT_LOC_STRINGS = NO;
				SWIFT_VERSION = 5.0;
				TARGETED_DEVICE_FAMILY = "1,2";
				TEST_TARGET_NAME = UITestSample;
			};
			name = Release;
		};
/* End XCBuildConfiguration section */

/* Begin XCConfigurationList section */
		019E4380291012830023262B /* Build configuration list for PBXProject "UITestSample" */ = {
			isa = XCConfigurationList;
			buildConfigurations = (
				019E43AD291012850023262B /* Debug */,
				019E43AE291012850023262B /* Release */,
			);
			defaultConfigurationIsVisible = 0;
			defaultConfigurationName = Release;
		};
		019E43AF291012850023262B /* Build configuration list for PBXNativeTarget "UITestSample" */ = {
			isa = XCConfigurationList;
			buildConfigurations = (
				019E43B0291012850023262B /* Debug */,
				019E43B1291012850023262B /* Release */,
			);
			defaultConfigurationIsVisible = 0;
			defaultConfigurationName = Release;
		};
		019E43B2291012850023262B /* Build configuration list for PBXNativeTarget "UITestSampleTests" */ = {
			isa = XCConfigurationList;
			buildConfigurations = (
				019E43B3291012850023262B /* Debug */,
				019E43B4291012850023262B /* Release */,
			);
			defaultConfigurationIsVisible = 0;
			defaultConfigurationName = Release;
		};
		019E43B5291012850023262B /* Build configuration list for PBXNativeTarget "UITestSampleUITests" */ = {
			isa = XCConfigurationList;
			buildConfigurations = (
				019E43B6291012850023262B /* Debug */,
				019E43B7291012850023262B /* Release */,
			);
			defaultConfigurationIsVisible = 0;
			defaultConfigurationName = Release;
		};
/* End XCConfigurationList section */
	};
	rootObject = 019E437D291012830023262B /* Project object */;
}
